{
    "_readme": [
        "This file locks the dependencies of your project to a known state",
        "Read more about it at https://getcomposer.org/doc/01-basic-usage.md#composer-lock-the-lock-file",
        "This file is @generated automatically"
    ],
    "hash": "41caf52aa88ed94f080e4a47d4b38d6e",
    "content-hash": "c0600db8d70bbb1303e4b8b4a1d7f581",
    "packages": [
        {
            "name": "overture/overture",
            "version": "dev-master",
            "source": {
                "type": "git",
                "url": "https://github.com/vhraban/Overture.git",
                "reference": "b8a62077eb60b2bd56de12ea6eaac9dbac120c95"
            },
            "dist": {
                "type": "zip",
                "url": "https://api.github.com/repos/vhraban/Overture/zipball/b8a62077eb60b2bd56de12ea6eaac9dbac120c95",
                "reference": "b8a62077eb60b2bd56de12ea6eaac9dbac120c95",
                "shasum": ""
            },
            "require": {
                "php": "^5.5 || ^7.0"
            },
            "require-dev": {
                "phpunit/phpunit": "^4.8"
            },
            "type": "library",
            "autoload": {
                "psr-4": {
                    "Overture\\": "src/"
                }
            },
            "notification-url": "https://packagist.org/downloads/",
            "license": [
                "MIT"
            ],
            "authors": [
                {
                    "name": "Vladimir Hraban",
                    "email": "vlad@vivec.co.uk",
                    "homepage": "http://www.vivec.co.uk"
                }
            ],
            "description": "Universal configuration tool",
            "homepage": "https://github.com/vhraban/Overture",
            "keywords": [
                "configuration",
                "php"
            ],
            "time": "2016-02-21 20:20:21"
        },
        {
            "name": "symfony/yaml",
            "version": "v2.8.2",
            "source": {
                "type": "git",
                "url": "https://github.com/symfony/yaml.git",
                "reference": "34c8a4b51e751e7ea869b8262f883d008a2b81b8"
            },
            "dist": {
                "type": "zip",
                "url": "https://api.github.com/repos/symfony/yaml/zipball/34c8a4b51e751e7ea869b8262f883d008a2b81b8",
                "reference": "34c8a4b51e751e7ea869b8262f883d008a2b81b8",
                "shasum": ""
            },
            "require": {
                "php": ">=5.3.9"
            },
            "type": "library",
            "extra": {
                "branch-alias": {
                    "dev-master": "2.8-dev"
                }
            },
            "autoload": {
                "psr-4": {
                    "Symfony\\Component\\Yaml\\": ""
                },
                "exclude-from-classmap": [
                    "/Tests/"
                ]
            },
            "notification-url": "https://packagist.org/downloads/",
            "license": [
                "MIT"
            ],
            "authors": [
                {
                    "name": "Fabien Potencier",
                    "email": "fabien@symfony.com"
                },
                {
                    "name": "Symfony Community",
                    "homepage": "https://symfony.com/contributors"
                }
            ],
            "description": "Symfony Yaml Component",
            "homepage": "https://symfony.com",
            "time": "2016-01-13 10:28:07"
        }
    ],
    "packages-dev": [],
    "aliases": [],
    "minimum-stability": "stable",
    "stability-flags": {
        "overture/overture": 20
    },
    "prefer-stable": false,
    "prefer-lowest": false,
    "platform": {
        "php": "^5.5 || ^7.0"
    },
    "platform-dev": []
}
